
Microsoft Visual Studio Solution File, Format Version 12.00
# Visual Studio Version 17
VisualStudioVersion = 17.9.34728.123
MinimumVisualStudioVersion = 10.0.40219.1
Project("{2150E333-8FDC-42A3-9474-1A3956D46DE8}") = "Services", "Services", "{494FAAE5-1865-4FC2-95E8-D84C5E4F9704}"
EndProject
Project("{2150E333-8FDC-42A3-9474-1A3956D46DE8}") = "Catalog", "Catalog", "{640E519C-3E48-448D-A845-EF2459B266E2}"
EndProject
Project("{FAE04EC0-301F-11D3-BF4B-00C04F79EFBC}") = "Catalog.API", "Services\Catalog\Catalog.API\Catalog.API.csproj", "{94433D11-B296-4B4D-85B6-C7143C3832B9}"
EndProject
Project("{2150E333-8FDC-42A3-9474-1A3956D46DE8}") = "BuldingBlocks", "BuldingBlocks", "{3F30A24F-ED89-48C3-B8B5-68A186B69DE9}"
EndProject
Project("{FAE04EC0-301F-11D3-BF4B-00C04F79EFBC}") = "BuildingBlocks", "BuildingBlocks\BuildingBlocks\BuildingBlocks.csproj", "{1FA9AC64-B794-4667-BCF9-42CBC79C2974}"
EndProject
Project("{E53339B2-1760-4266-BCC7-CA923CBCF16C}") = "docker-compose", "docker-compose.dcproj", "{0294675B-0F44-41E1-B565-4EAF49BA550F}"
EndProject
Project("{2150E333-8FDC-42A3-9474-1A3956D46DE8}") = "Basket", "Basket", "{59C79F06-688A-4295-8131-87A2305CAB9B}"
EndProject
Project("{FAE04EC0-301F-11D3-BF4B-00C04F79EFBC}") = "Basket.API", "Services\Basket\Basket.API\Basket.API.csproj", "{B0DAB3EB-6B10-42D5-BE5F-E8B4FE8F55C7}"
EndProject
Project("{2150E333-8FDC-42A3-9474-1A3956D46DE8}") = "Discount", "Discount", "{513AAE33-1FE6-482D-A48A-C37380C37F01}"
EndProject
Project("{FAE04EC0-301F-11D3-BF4B-00C04F79EFBC}") = "Discount.gRPC", "Services\Discount\Discount.gRPC\Discount.gRPC.csproj", "{DB64784B-6727-4583-ABDA-4021510D73C3}"
EndProject
Project("{2150E333-8FDC-42A3-9474-1A3956D46DE8}") = "Ordering", "Ordering", "{282E37AB-90A1-4741-B5F1-1506CDB2CA21}"
EndProject
Project("{FAE04EC0-301F-11D3-BF4B-00C04F79EFBC}") = "Ordering.API", "Services\Ordering\Ordering.API\Ordering.API.csproj", "{9A5EC804-D81D-4A99-B3F4-14B3361F1758}"
EndProject
Project("{FAE04EC0-301F-11D3-BF4B-00C04F79EFBC}") = "Ordering.Domain", "Services\Ordering\Ordering.Domain\Ordering.Domain.csproj", "{F3EBADE8-1DEE-4C51-A842-9E7F4B6F32A2}"
EndProject
Project("{FAE04EC0-301F-11D3-BF4B-00C04F79EFBC}") = "Ordering.Application", "Services\Ordering\Ordering.Application\Ordering.Application.csproj", "{84964747-9FEF-4098-9360-2E926D190729}"
EndProject
Project("{FAE04EC0-301F-11D3-BF4B-00C04F79EFBC}") = "Ordering.Infrastructure", "Services\Ordering\Ordering.Infrastructure\Ordering.Infrastructure.csproj", "{88E0F1BD-7822-4B48-A9B3-8BABD7507811}"
EndProject
Project("{FAE04EC0-301F-11D3-BF4B-00C04F79EFBC}") = "BuildingBlocks.Messaging", "BuildingBlocks\BuildingBlocks.Messaging\BuildingBlocks.Messaging.csproj", "{33648257-FA37-4C21-93C4-9D2F76754AAE}"
EndProject
Project("{2150E333-8FDC-42A3-9474-1A3956D46DE8}") = "ApiGateways", "ApiGateways", "{F8FA8B67-7E68-4586-827D-07E7FBDC5BFF}"
EndProject
Project("{FAE04EC0-301F-11D3-BF4B-00C04F79EFBC}") = "YarpApiGateway", "ApiGateways\YarpApiGateway\YarpApiGateway.csproj", "{E012F820-E978-44E2-9D66-A935EE29A09D}"
EndProject
Global
	GlobalSection(SolutionConfigurationPlatforms) = preSolution
		Debug|Any CPU = Debug|Any CPU
		Release|Any CPU = Release|Any CPU
	EndGlobalSection
	GlobalSection(ProjectConfigurationPlatforms) = postSolution
		{94433D11-B296-4B4D-85B6-C7143C3832B9}.Debug|Any CPU.ActiveCfg = Debug|Any CPU
		{94433D11-B296-4B4D-85B6-C7143C3832B9}.Debug|Any CPU.Build.0 = Debug|Any CPU
		{94433D11-B296-4B4D-85B6-C7143C3832B9}.Release|Any CPU.ActiveCfg = Release|Any CPU
		{94433D11-B296-4B4D-85B6-C7143C3832B9}.Release|Any CPU.Build.0 = Release|Any CPU
		{1FA9AC64-B794-4667-BCF9-42CBC79C2974}.Debug|Any CPU.ActiveCfg = Debug|Any CPU
		{1FA9AC64-B794-4667-BCF9-42CBC79C2974}.Debug|Any CPU.Build.0 = Debug|Any CPU
		{1FA9AC64-B794-4667-BCF9-42CBC79C2974}.Release|Any CPU.ActiveCfg = Release|Any CPU
		{1FA9AC64-B794-4667-BCF9-42CBC79C2974}.Release|Any CPU.Build.0 = Release|Any CPU
		{0294675B-0F44-41E1-B565-4EAF49BA550F}.Debug|Any CPU.ActiveCfg = Debug|Any CPU
		{0294675B-0F44-41E1-B565-4EAF49BA550F}.Debug|Any CPU.Build.0 = Debug|Any CPU
		{0294675B-0F44-41E1-B565-4EAF49BA550F}.Release|Any CPU.ActiveCfg = Release|Any CPU
		{0294675B-0F44-41E1-B565-4EAF49BA550F}.Release|Any CPU.Build.0 = Release|Any CPU
		{B0DAB3EB-6B10-42D5-BE5F-E8B4FE8F55C7}.Debug|Any CPU.ActiveCfg = Debug|Any CPU
		{B0DAB3EB-6B10-42D5-BE5F-E8B4FE8F55C7}.Debug|Any CPU.Build.0 = Debug|Any CPU
		{B0DAB3EB-6B10-42D5-BE5F-E8B4FE8F55C7}.Release|Any CPU.ActiveCfg = Release|Any CPU
		{B0DAB3EB-6B10-42D5-BE5F-E8B4FE8F55C7}.Release|Any CPU.Build.0 = Release|Any CPU
		{DB64784B-6727-4583-ABDA-4021510D73C3}.Debug|Any CPU.ActiveCfg = Debug|Any CPU
		{DB64784B-6727-4583-ABDA-4021510D73C3}.Debug|Any CPU.Build.0 = Debug|Any CPU
		{DB64784B-6727-4583-ABDA-4021510D73C3}.Release|Any CPU.ActiveCfg = Release|Any CPU
		{DB64784B-6727-4583-ABDA-4021510D73C3}.Release|Any CPU.Build.0 = Release|Any CPU
		{9A5EC804-D81D-4A99-B3F4-14B3361F1758}.Debug|Any CPU.ActiveCfg = Debug|Any CPU
		{9A5EC804-D81D-4A99-B3F4-14B3361F1758}.Debug|Any CPU.Build.0 = Debug|Any CPU
		{9A5EC804-D81D-4A99-B3F4-14B3361F1758}.Release|Any CPU.ActiveCfg = Release|Any CPU
		{9A5EC804-D81D-4A99-B3F4-14B3361F1758}.Release|Any CPU.Build.0 = Release|Any CPU
		{F3EBADE8-1DEE-4C51-A842-9E7F4B6F32A2}.Debug|Any CPU.ActiveCfg = Debug|Any CPU
		{F3EBADE8-1DEE-4C51-A842-9E7F4B6F32A2}.Debug|Any CPU.Build.0 = Debug|Any CPU
		{F3EBADE8-1DEE-4C51-A842-9E7F4B6F32A2}.Release|Any CPU.ActiveCfg = Release|Any CPU
		{F3EBADE8-1DEE-4C51-A842-9E7F4B6F32A2}.Release|Any CPU.Build.0 = Release|Any CPU
		{84964747-9FEF-4098-9360-2E926D190729}.Debug|Any CPU.ActiveCfg = Debug|Any CPU
		{84964747-9FEF-4098-9360-2E926D190729}.Debug|Any CPU.Build.0 = Debug|Any CPU
		{84964747-9FEF-4098-9360-2E926D190729}.Release|Any CPU.ActiveCfg = Release|Any CPU
		{84964747-9FEF-4098-9360-2E926D190729}.Release|Any CPU.Build.0 = Release|Any CPU
		{88E0F1BD-7822-4B48-A9B3-8BABD7507811}.Debug|Any CPU.ActiveCfg = Debug|Any CPU
		{88E0F1BD-7822-4B48-A9B3-8BABD7507811}.Debug|Any CPU.Build.0 = Debug|Any CPU
		{88E0F1BD-7822-4B48-A9B3-8BABD7507811}.Release|Any CPU.ActiveCfg = Release|Any CPU
		{88E0F1BD-7822-4B48-A9B3-8BABD7507811}.Release|Any CPU.Build.0 = Release|Any CPU
		{33648257-FA37-4C21-93C4-9D2F76754AAE}.Debug|Any CPU.ActiveCfg = Debug|Any CPU
		{33648257-FA37-4C21-93C4-9D2F76754AAE}.Debug|Any CPU.Build.0 = Debug|Any CPU
		{33648257-FA37-4C21-93C4-9D2F76754AAE}.Release|Any CPU.ActiveCfg = Release|Any CPU
		{33648257-FA37-4C21-93C4-9D2F76754AAE}.Release|Any CPU.Build.0 = Release|Any CPU
		{E012F820-E978-44E2-9D66-A935EE29A09D}.Debug|Any CPU.ActiveCfg = Debug|Any CPU
		{E012F820-E978-44E2-9D66-A935EE29A09D}.Debug|Any CPU.Build.0 = Debug|Any CPU
		{E012F820-E978-44E2-9D66-A935EE29A09D}.Release|Any CPU.ActiveCfg = Release|Any CPU
		{E012F820-E978-44E2-9D66-A935EE29A09D}.Release|Any CPU.Build.0 = Release|Any CPU
	EndGlobalSection
	GlobalSection(SolutionProperties) = preSolution
		HideSolutionNode = FALSE
	EndGlobalSection
	GlobalSection(NestedProjects) = preSolution
		{640E519C-3E48-448D-A845-EF2459B266E2} = {494FAAE5-1865-4FC2-95E8-D84C5E4F9704}
		{94433D11-B296-4B4D-85B6-C7143C3832B9} = {640E519C-3E48-448D-A845-EF2459B266E2}
		{1FA9AC64-B794-4667-BCF9-42CBC79C2974} = {3F30A24F-ED89-48C3-B8B5-68A186B69DE9}
		{59C79F06-688A-4295-8131-87A2305CAB9B} = {494FAAE5-1865-4FC2-95E8-D84C5E4F9704}
		{B0DAB3EB-6B10-42D5-BE5F-E8B4FE8F55C7} = {59C79F06-688A-4295-8131-87A2305CAB9B}
		{513AAE33-1FE6-482D-A48A-C37380C37F01} = {494FAAE5-1865-4FC2-95E8-D84C5E4F9704}
		{DB64784B-6727-4583-ABDA-4021510D73C3} = {513AAE33-1FE6-482D-A48A-C37380C37F01}
		{282E37AB-90A1-4741-B5F1-1506CDB2CA21} = {494FAAE5-1865-4FC2-95E8-D84C5E4F9704}
		{9A5EC804-D81D-4A99-B3F4-14B3361F1758} = {282E37AB-90A1-4741-B5F1-1506CDB2CA21}
		{F3EBADE8-1DEE-4C51-A842-9E7F4B6F32A2} = {282E37AB-90A1-4741-B5F1-1506CDB2CA21}
		{84964747-9FEF-4098-9360-2E926D190729} = {282E37AB-90A1-4741-B5F1-1506CDB2CA21}
		{88E0F1BD-7822-4B48-A9B3-8BABD7507811} = {282E37AB-90A1-4741-B5F1-1506CDB2CA21}
		{33648257-FA37-4C21-93C4-9D2F76754AAE} = {3F30A24F-ED89-48C3-B8B5-68A186B69DE9}
		{E012F820-E978-44E2-9D66-A935EE29A09D} = {F8FA8B67-7E68-4586-827D-07E7FBDC5BFF}
	EndGlobalSection
	GlobalSection(ExtensibilityGlobals) = postSolution
		SolutionGuid = {D5227305-6FB5-426E-AA59-C09C04CB2A48}
	EndGlobalSection
EndGlobal
