
Microsoft Visual Studio Solution File, Format Version 12.00
# Visual Studio Version 17
VisualStudioVersion = 17.9.34728.123
MinimumVisualStudioVersion = 10.0.40219.1
Project("{2150E333-8FDC-42A3-9474-1A3956D46DE8}") = "Services", "Services", "{494FAAE5-1865-4FC2-95E8-D84C5E4F9704}"
EndProject
Project("{2150E333-8FDC-42A3-9474-1A3956D46DE8}") = "Catalog", "Catalog", "{640E519C-3E48-448D-A845-EF2459B266E2}"
EndProject
Project("{FAE04EC0-301F-11D3-BF4B-00C04F79EFBC}") = "Catalog.API", "Services\Catalog\Catalog.API\Catalog.API.csproj", "{94433D11-B296-4B4D-85B6-C7143C3832B9}"
EndProject
Project("{2150E333-8FDC-42A3-9474-1A3956D46DE8}") = "BuldingBlocks", "BuldingBlocks", "{3F30A24F-ED89-48C3-B8B5-68A186B69DE9}"
EndProject
Project("{FAE04EC0-301F-11D3-BF4B-00C04F79EFBC}") = "BuildingBlocks", "BuildingBlocks\BuildingBlocks\BuildingBlocks.csproj", "{1FA9AC64-B794-4667-BCF9-42CBC79C2974}"
EndProject
Project("{E53339B2-1760-4266-BCC7-CA923CBCF16C}") = "docker-compose", "docker-compose.dcproj", "{0294675B-0F44-41E1-B565-4EAF49BA550F}"
EndProject
Global
	GlobalSection(SolutionConfigurationPlatforms) = preSolution
		Debug|Any CPU = Debug|Any CPU
		Release|Any CPU = Release|Any CPU
	EndGlobalSection
	GlobalSection(ProjectConfigurationPlatforms) = postSolution
		{94433D11-B296-4B4D-85B6-C7143C3832B9}.Debug|Any CPU.ActiveCfg = Debug|Any CPU
		{94433D11-B296-4B4D-85B6-C7143C3832B9}.Debug|Any CPU.Build.0 = Debug|Any CPU
		{94433D11-B296-4B4D-85B6-C7143C3832B9}.Release|Any CPU.ActiveCfg = Release|Any CPU
		{94433D11-B296-4B4D-85B6-C7143C3832B9}.Release|Any CPU.Build.0 = Release|Any CPU
		{1FA9AC64-B794-4667-BCF9-42CBC79C2974}.Debug|Any CPU.ActiveCfg = Debug|Any CPU
		{1FA9AC64-B794-4667-BCF9-42CBC79C2974}.Debug|Any CPU.Build.0 = Debug|Any CPU
		{1FA9AC64-B794-4667-BCF9-42CBC79C2974}.Release|Any CPU.ActiveCfg = Release|Any CPU
		{1FA9AC64-B794-4667-BCF9-42CBC79C2974}.Release|Any CPU.Build.0 = Release|Any CPU
		{0294675B-0F44-41E1-B565-4EAF49BA550F}.Debug|Any CPU.ActiveCfg = Debug|Any CPU
		{0294675B-0F44-41E1-B565-4EAF49BA550F}.Debug|Any CPU.Build.0 = Debug|Any CPU
		{0294675B-0F44-41E1-B565-4EAF49BA550F}.Release|Any CPU.ActiveCfg = Release|Any CPU
		{0294675B-0F44-41E1-B565-4EAF49BA550F}.Release|Any CPU.Build.0 = Release|Any CPU
	EndGlobalSection
	GlobalSection(SolutionProperties) = preSolution
		HideSolutionNode = FALSE
	EndGlobalSection
	GlobalSection(NestedProjects) = preSolution
		{640E519C-3E48-448D-A845-EF2459B266E2} = {494FAAE5-1865-4FC2-95E8-D84C5E4F9704}
		{94433D11-B296-4B4D-85B6-C7143C3832B9} = {640E519C-3E48-448D-A845-EF2459B266E2}
		{1FA9AC64-B794-4667-BCF9-42CBC79C2974} = {3F30A24F-ED89-48C3-B8B5-68A186B69DE9}
	EndGlobalSection
	GlobalSection(ExtensibilityGlobals) = postSolution
		SolutionGuid = {D5227305-6FB5-426E-AA59-C09C04CB2A48}
	EndGlobalSection
EndGlobal
